
Microsoft Visual Studio Solution File, Format Version 12.00
# Visual Studio Version 16
VisualStudioVersion = 16.0.31624.102
MinimumVisualStudioVersion = 10.0.40219.1
Project("{FAE04EC0-301F-11D3-BF4B-00C04F79EFBC}") = "KWO", "KWO\KWO.csproj", "{0F880ED2-73AA-4DA3-89F0-20928BB59CA7}"
EndProject
Global
	GlobalSection(SolutionConfigurationPlatforms) = preSolution
		Debug|Any CPU = Debug|Any CPU
		Release|Any CPU = Release|Any CPU
	EndGlobalSection
	GlobalSection(ProjectConfigurationPlatforms) = postSolution
		{0F880ED2-73AA-4DA3-89F0-20928BB59CA7}.Debug|Any CPU.ActiveCfg = Debug|Any CPU
		{0F880ED2-73AA-4DA3-89F0-20928BB59CA7}.Debug|Any CPU.Build.0 = Debug|Any CPU
		{0F880ED2-73AA-4DA3-89F0-20928BB59CA7}.Release|Any CPU.ActiveCfg = Release|Any CPU
		{0F880ED2-73AA-4DA3-89F0-20928BB59CA7}.Release|Any CPU.Build.0 = Release|Any CPU
	EndGlobalSection
	GlobalSection(SolutionProperties) = preSolution
		HideSolutionNode = FALSE
	EndGlobalSection
	GlobalSection(ExtensibilityGlobals) = postSolution
		SolutionGuid = {2251C4F2-A4F6-4A00-A31D-90EA634C36D6}
	EndGlobalSection
EndGlobal
